
Microsoft Visual Studio Solution File, Format Version 12.00
# Visual Studio 15
VisualStudioVersion = 15.0.27703.2000
MinimumVisualStudioVersion = 10.0.40219.1
Project("{FAE04EC0-301F-11D3-BF4B-00C04F79EFBC}") = "Kino.Toolkit.Wpf", "Kino.Toolkit.Wpf\Kino.Toolkit.Wpf.csproj", "{F816C9BC-B890-4C91-8341-04F32CE64C17}"
EndProject
Project("{FAE04EC0-301F-11D3-BF4B-00C04F79EFBC}") = "Kino.Toolkit.Wpf.Samples", "Kino.Toolkit.Wpf.Samples\Kino.Toolkit.Wpf.Samples.csproj", "{C42C3B76-CB37-400F-8B53-5E7AFFD3B590}"
EndProject
Project("{FAE04EC0-301F-11D3-BF4B-00C04F79EFBC}") = "Kino.Toolkit.Wpf.Themes", "Kino.Toolkit.Wpf.Themes\Kino.Toolkit.Wpf.Themes.csproj", "{3C932FBC-74DF-4380-95BB-F3972CEB4C08}"
EndProject
Project("{2150E333-8FDC-42A3-9474-1A3956D46DE8}") = "Build", "Build", "{F9DB04C5-FEAE-482C-A3AB-F13B4A5035E7}"
	ProjectSection(SolutionItems) = preProject
		Kino.Toolkit.Wpf\Kino.Toolkit.Wpf.nuspec = Kino.Toolkit.Wpf\Kino.Toolkit.Wpf.nuspec
	EndProjectSection
EndProject
Global
	GlobalSection(SolutionConfigurationPlatforms) = preSolution
		Debug|Any CPU = Debug|Any CPU
		Debug|x86 = Debug|x86
		Release with Code Analysis|Any CPU = Release with Code Analysis|Any CPU
		Release with Code Analysis|x86 = Release with Code Analysis|x86
		Release|Any CPU = Release|Any CPU
		Release|x86 = Release|x86
	EndGlobalSection
	GlobalSection(ProjectConfigurationPlatforms) = postSolution
		{F816C9BC-B890-4C91-8341-04F32CE64C17}.Debug|Any CPU.ActiveCfg = Debug|Any CPU
		{F816C9BC-B890-4C91-8341-04F32CE64C17}.Debug|Any CPU.Build.0 = Debug|Any CPU
		{F816C9BC-B890-4C91-8341-04F32CE64C17}.Debug|x86.ActiveCfg = Debug|Any CPU
		{F816C9BC-B890-4C91-8341-04F32CE64C17}.Debug|x86.Build.0 = Debug|Any CPU
		{F816C9BC-B890-4C91-8341-04F32CE64C17}.Release with Code Analysis|Any CPU.ActiveCfg = Release|Any CPU
		{F816C9BC-B890-4C91-8341-04F32CE64C17}.Release with Code Analysis|Any CPU.Build.0 = Release|Any CPU
		{F816C9BC-B890-4C91-8341-04F32CE64C17}.Release with Code Analysis|x86.ActiveCfg = Release|Any CPU
		{F816C9BC-B890-4C91-8341-04F32CE64C17}.Release with Code Analysis|x86.Build.0 = Release|Any CPU
		{F816C9BC-B890-4C91-8341-04F32CE64C17}.Release|Any CPU.ActiveCfg = Release|Any CPU
		{F816C9BC-B890-4C91-8341-04F32CE64C17}.Release|Any CPU.Build.0 = Release|Any CPU
		{F816C9BC-B890-4C91-8341-04F32CE64C17}.Release|x86.ActiveCfg = Release|Any CPU
		{F816C9BC-B890-4C91-8341-04F32CE64C17}.Release|x86.Build.0 = Release|Any CPU
		{C42C3B76-CB37-400F-8B53-5E7AFFD3B590}.Debug|Any CPU.ActiveCfg = Debug|Any CPU
		{C42C3B76-CB37-400F-8B53-5E7AFFD3B590}.Debug|Any CPU.Build.0 = Debug|Any CPU
		{C42C3B76-CB37-400F-8B53-5E7AFFD3B590}.Debug|x86.ActiveCfg = Debug|Any CPU
		{C42C3B76-CB37-400F-8B53-5E7AFFD3B590}.Debug|x86.Build.0 = Debug|Any CPU
		{C42C3B76-CB37-400F-8B53-5E7AFFD3B590}.Release with Code Analysis|Any CPU.ActiveCfg = Release|Any CPU
		{C42C3B76-CB37-400F-8B53-5E7AFFD3B590}.Release with Code Analysis|Any CPU.Build.0 = Release|Any CPU
		{C42C3B76-CB37-400F-8B53-5E7AFFD3B590}.Release with Code Analysis|x86.ActiveCfg = Release|Any CPU
		{C42C3B76-CB37-400F-8B53-5E7AFFD3B590}.Release with Code Analysis|x86.Build.0 = Release|Any CPU
		{C42C3B76-CB37-400F-8B53-5E7AFFD3B590}.Release|Any CPU.ActiveCfg = Release|Any CPU
		{C42C3B76-CB37-400F-8B53-5E7AFFD3B590}.Release|Any CPU.Build.0 = Release|Any CPU
		{C42C3B76-CB37-400F-8B53-5E7AFFD3B590}.Release|x86.ActiveCfg = Release|Any CPU
		{C42C3B76-CB37-400F-8B53-5E7AFFD3B590}.Release|x86.Build.0 = Release|Any CPU
		{3C932FBC-74DF-4380-95BB-F3972CEB4C08}.Debug|Any CPU.ActiveCfg = Debug|Any CPU
		{3C932FBC-74DF-4380-95BB-F3972CEB4C08}.Debug|Any CPU.Build.0 = Debug|Any CPU
		{3C932FBC-74DF-4380-95BB-F3972CEB4C08}.Debug|x86.ActiveCfg = Debug|Any CPU
		{3C932FBC-74DF-4380-95BB-F3972CEB4C08}.Debug|x86.Build.0 = Debug|Any CPU
		{3C932FBC-74DF-4380-95BB-F3972CEB4C08}.Release with Code Analysis|Any CPU.ActiveCfg = Release|Any CPU
		{3C932FBC-74DF-4380-95BB-F3972CEB4C08}.Release with Code Analysis|Any CPU.Build.0 = Release|Any CPU
		{3C932FBC-74DF-4380-95BB-F3972CEB4C08}.Release with Code Analysis|x86.ActiveCfg = Release|Any CPU
		{3C932FBC-74DF-4380-95BB-F3972CEB4C08}.Release with Code Analysis|x86.Build.0 = Release|Any CPU
		{3C932FBC-74DF-4380-95BB-F3972CEB4C08}.Release|Any CPU.ActiveCfg = Release|Any CPU
		{3C932FBC-74DF-4380-95BB-F3972CEB4C08}.Release|Any CPU.Build.0 = Release|Any CPU
		{3C932FBC-74DF-4380-95BB-F3972CEB4C08}.Release|x86.ActiveCfg = Release|Any CPU
		{3C932FBC-74DF-4380-95BB-F3972CEB4C08}.Release|x86.Build.0 = Release|Any CPU
	EndGlobalSection
	GlobalSection(SolutionProperties) = preSolution
		HideSolutionNode = FALSE
	EndGlobalSection
	GlobalSection(ExtensibilityGlobals) = postSolution
		SolutionGuid = {AC6E39CE-4C40-4924-B02B-24E69BEBB4AF}
	EndGlobalSection
EndGlobal
